
Microsoft Visual Studio Solution File, Format Version 12.00
# Visual Studio Version 17
VisualStudioVersion = 17.10.35027.167
MinimumVisualStudioVersion = 10.0.40219.1
Project("{FAE04EC0-301F-11D3-BF4B-00C04F79EFBC}") = "SightWords.Winform", "SightWords.Winform\SightWords.Winform.csproj", "{1FBEFF06-8F4E-49B6-ADA8-D4C2EA6BF038}"
EndProject
Global
	GlobalSection(SolutionConfigurationPlatforms) = preSolution
		Debug|Any CPU = Debug|Any CPU
		Release|Any CPU = Release|Any CPU
	EndGlobalSection
	GlobalSection(ProjectConfigurationPlatforms) = postSolution
		{1FBEFF06-8F4E-49B6-ADA8-D4C2EA6BF038}.Debug|Any CPU.ActiveCfg = Debug|Any CPU
		{1FBEFF06-8F4E-49B6-ADA8-D4C2EA6BF038}.Debug|Any CPU.Build.0 = Debug|Any CPU
		{1FBEFF06-8F4E-49B6-ADA8-D4C2EA6BF038}.Release|Any CPU.ActiveCfg = Release|Any CPU
		{1FBEFF06-8F4E-49B6-ADA8-D4C2EA6BF038}.Release|Any CPU.Build.0 = Release|Any CPU
	EndGlobalSection
	GlobalSection(SolutionProperties) = preSolution
		HideSolutionNode = FALSE
	EndGlobalSection
	GlobalSection(ExtensibilityGlobals) = postSolution
		SolutionGuid = {47CD6D21-4A68-4AA2-B0CD-7D8F779698C4}
	EndGlobalSection
EndGlobal
